
Microsoft Visual Studio Solution File, Format Version 12.00
# Visual Studio Version 16
VisualStudioVersion = 16.0.29806.167
MinimumVisualStudioVersion = 10.0.40219.1
Project("{FAE04EC0-301F-11D3-BF4B-00C04F79EFBC}") = "Telekocsi", "Telekocsi\Telekocsi.csproj", "{6218F13A-81B7-4844-9BA8-3D2F2557A4A7}"
EndProject
Global
	GlobalSection(SolutionConfigurationPlatforms) = preSolution
		Debug|Any CPU = Debug|Any CPU
		Release|Any CPU = Release|Any CPU
	EndGlobalSection
	GlobalSection(ProjectConfigurationPlatforms) = postSolution
		{6218F13A-81B7-4844-9BA8-3D2F2557A4A7}.Debug|Any CPU.ActiveCfg = Debug|Any CPU
		{6218F13A-81B7-4844-9BA8-3D2F2557A4A7}.Debug|Any CPU.Build.0 = Debug|Any CPU
		{6218F13A-81B7-4844-9BA8-3D2F2557A4A7}.Release|Any CPU.ActiveCfg = Release|Any CPU
		{6218F13A-81B7-4844-9BA8-3D2F2557A4A7}.Release|Any CPU.Build.0 = Release|Any CPU
	EndGlobalSection
	GlobalSection(SolutionProperties) = preSolution
		HideSolutionNode = FALSE
	EndGlobalSection
	GlobalSection(ExtensibilityGlobals) = postSolution
		SolutionGuid = {1F182C30-4C08-4981-BC17-4E5E4459E93C}
	EndGlobalSection
EndGlobal
